
Microsoft Visual Studio Solution File, Format Version 12.00
# Visual Studio Version 17
VisualStudioVersion = 17.7.34031.279
MinimumVisualStudioVersion = 10.0.40219.1
Project("{FAE04EC0-301F-11D3-BF4B-00C04F79EFBC}") = "ejercicioColecciones1", "ejercicioColecciones1\ejercicioColecciones1.csproj", "{5DA0916C-DF31-459A-9815-A1718B08743D}"
EndProject
Global
	GlobalSection(SolutionConfigurationPlatforms) = preSolution
		Debug|Any CPU = Debug|Any CPU
		Release|Any CPU = Release|Any CPU
	EndGlobalSection
	GlobalSection(ProjectConfigurationPlatforms) = postSolution
		{5DA0916C-DF31-459A-9815-A1718B08743D}.Debug|Any CPU.ActiveCfg = Debug|Any CPU
		{5DA0916C-DF31-459A-9815-A1718B08743D}.Debug|Any CPU.Build.0 = Debug|Any CPU
		{5DA0916C-DF31-459A-9815-A1718B08743D}.Release|Any CPU.ActiveCfg = Release|Any CPU
		{5DA0916C-DF31-459A-9815-A1718B08743D}.Release|Any CPU.Build.0 = Release|Any CPU
	EndGlobalSection
	GlobalSection(SolutionProperties) = preSolution
		HideSolutionNode = FALSE
	EndGlobalSection
	GlobalSection(ExtensibilityGlobals) = postSolution
		SolutionGuid = {FC48D8B9-26D6-4EEA-8517-26542274E1F3}
	EndGlobalSection
EndGlobal
