
Microsoft Visual Studio Solution File, Format Version 12.00
# Visual Studio Version 17
VisualStudioVersion = 17.7.34031.279
MinimumVisualStudioVersion = 10.0.40219.1
Project("{FAE04EC0-301F-11D3-BF4B-00C04F79EFBC}") = "ejercicioColecciones4", "ejercicioColecciones4\ejercicioColecciones4.csproj", "{C54368CA-FB4A-4A2D-B1C1-156EC686EF8E}"
EndProject
Global
	GlobalSection(SolutionConfigurationPlatforms) = preSolution
		Debug|Any CPU = Debug|Any CPU
		Release|Any CPU = Release|Any CPU
	EndGlobalSection
	GlobalSection(ProjectConfigurationPlatforms) = postSolution
		{C54368CA-FB4A-4A2D-B1C1-156EC686EF8E}.Debug|Any CPU.ActiveCfg = Debug|Any CPU
		{C54368CA-FB4A-4A2D-B1C1-156EC686EF8E}.Debug|Any CPU.Build.0 = Debug|Any CPU
		{C54368CA-FB4A-4A2D-B1C1-156EC686EF8E}.Release|Any CPU.ActiveCfg = Release|Any CPU
		{C54368CA-FB4A-4A2D-B1C1-156EC686EF8E}.Release|Any CPU.Build.0 = Release|Any CPU
	EndGlobalSection
	GlobalSection(SolutionProperties) = preSolution
		HideSolutionNode = FALSE
	EndGlobalSection
	GlobalSection(ExtensibilityGlobals) = postSolution
		SolutionGuid = {A031E96F-3454-4319-9442-7923FB19CB32}
	EndGlobalSection
EndGlobal
