
Microsoft Visual Studio Solution File, Format Version 12.00
# Visual Studio Version 17
VisualStudioVersion = 17.7.34031.279
MinimumVisualStudioVersion = 10.0.40219.1
Project("{FAE04EC0-301F-11D3-BF4B-00C04F79EFBC}") = "ejercicioColas", "ejercicioColas\ejercicioColas.csproj", "{A59F9EC6-A51D-441F-86EE-765231989924}"
EndProject
Global
	GlobalSection(SolutionConfigurationPlatforms) = preSolution
		Debug|Any CPU = Debug|Any CPU
		Release|Any CPU = Release|Any CPU
	EndGlobalSection
	GlobalSection(ProjectConfigurationPlatforms) = postSolution
		{A59F9EC6-A51D-441F-86EE-765231989924}.Debug|Any CPU.ActiveCfg = Debug|Any CPU
		{A59F9EC6-A51D-441F-86EE-765231989924}.Debug|Any CPU.Build.0 = Debug|Any CPU
		{A59F9EC6-A51D-441F-86EE-765231989924}.Release|Any CPU.ActiveCfg = Release|Any CPU
		{A59F9EC6-A51D-441F-86EE-765231989924}.Release|Any CPU.Build.0 = Release|Any CPU
	EndGlobalSection
	GlobalSection(SolutionProperties) = preSolution
		HideSolutionNode = FALSE
	EndGlobalSection
	GlobalSection(ExtensibilityGlobals) = postSolution
		SolutionGuid = {725D64E0-DDEF-4E88-B4EF-9BE6283EFC34}
	EndGlobalSection
EndGlobal
